
Microsoft Visual Studio Solution File, Format Version 12.00
# Visual Studio Version 17
VisualStudioVersion = 17.8.34316.72
MinimumVisualStudioVersion = 10.0.40219.1
Project("{9A19103F-16F7-4668-BE54-9A1E7A4F7556}") = "ItemShop", "ItemShop\ItemShop.csproj", "{3B7182B4-BAEA-4F05-929C-DC53CE512B42}"
EndProject
Project("{FAE04EC0-301F-11D3-BF4B-00C04F79EFBC}") = "ItemShop.UnitTests", "ItemShop.UnitTests\ItemShop.UnitTests.csproj", "{4AB2533F-AB08-42BF-9109-9323E1D9BF9B}"
EndProject
Global
	GlobalSection(SolutionConfigurationPlatforms) = preSolution
		Debug|Any CPU = Debug|Any CPU
		Release|Any CPU = Release|Any CPU
	EndGlobalSection
	GlobalSection(ProjectConfigurationPlatforms) = postSolution
		{3B7182B4-BAEA-4F05-929C-DC53CE512B42}.Debug|Any CPU.ActiveCfg = Debug|Any CPU
		{3B7182B4-BAEA-4F05-929C-DC53CE512B42}.Debug|Any CPU.Build.0 = Debug|Any CPU
		{3B7182B4-BAEA-4F05-929C-DC53CE512B42}.Release|Any CPU.ActiveCfg = Release|Any CPU
		{3B7182B4-BAEA-4F05-929C-DC53CE512B42}.Release|Any CPU.Build.0 = Release|Any CPU
		{4AB2533F-AB08-42BF-9109-9323E1D9BF9B}.Debug|Any CPU.ActiveCfg = Debug|Any CPU
		{4AB2533F-AB08-42BF-9109-9323E1D9BF9B}.Debug|Any CPU.Build.0 = Debug|Any CPU
		{4AB2533F-AB08-42BF-9109-9323E1D9BF9B}.Release|Any CPU.ActiveCfg = Release|Any CPU
		{4AB2533F-AB08-42BF-9109-9323E1D9BF9B}.Release|Any CPU.Build.0 = Release|Any CPU
	EndGlobalSection
	GlobalSection(SolutionProperties) = preSolution
		HideSolutionNode = FALSE
	EndGlobalSection
	GlobalSection(ExtensibilityGlobals) = postSolution
		SolutionGuid = {12AD34D1-2CB8-46B1-8786-E8AE0DB2B228}
	EndGlobalSection
EndGlobal
